{
  "name": "@9thlevelsoftware/legion",
  "version": "3.0.1",
  "lockfileVersion": 3,
  "requires": true,
  "packages": {
    "": {
      "name": "@9thlevelsoftware/legion",
      "version": "3.0.1",
      "license": "MIT",
      "dependencies": {
        "@9thlevelsoftware/legion": "^1.0.1"
      },
      "bin": {
        "legion": "bin/install.js"
      },
      "engines": {
        "node": ">=18.0.0"
      }
    },
    "node_modules/@9thlevelsoftware/legion": {
      "version": "1.0.1",
      "resolved": "https://registry.npmjs.org/@9thlevelsoftware/legion/-/legion-1.0.1.tgz",
      "integrity": "sha512-GXKyWLw+1gHaye+d4JODUsJ3vzMJxixtt0RJP8iI2JS35HKxdHCkt2A5hBdgxcAUfAr9FrZ52YiLLfOHn66fTA==",
      "license": "MIT",
      "bin": {
        "legion": "bin/install.js"
      },
      "engines": {
        "node": ">=18.0.0"
      }
    }
  }
}
