{
  "name": "@9thlevelsoftware/legion",
  "version": "6.0.0",
  "lockfileVersion": 3,
  "requires": true,
  "packages": {
    "": {
      "name": "@9thlevelsoftware/legion",
      "version": "6.0.0",
      "license": "MIT",
      "bin": {
        "legion": "bin/install.js"
      },
      "engines": {
        "node": ">=18.0.0"
      }
    }
  }
}
